// !$*UTF8*$!
{
	archiveVersion = 1;
	classes = {
	};
	objectVersion = 50;
	objects = {

/* Begin PBXBuildFile section */
		EA73294EDAEBDEDD8CCF562B /* Pods_shopSeller.framework in Frameworks */ = {isa = PBXBuildFile; fileRef = C88C0CF8E7EC65E68CC99701 /* Pods_shopSeller.framework */; };
		EE3AABFC2271B9F500A5BC94 /* homeTableViewCell.h in Headers */ = {isa = PBXBuildFile; fileRef = EEB0A706226F628A00066371 /* homeTableViewCell.h */; settings = {ATTRIBUTES = (Public, ); }; };
		EE3AAC0722735AA400A5BC94 /* addCommodityViewController.h in Headers */ = {isa = PBXBuildFile; fileRef = EE3AAC0522735AA400A5BC94 /* addCommodityViewController.h */; };
		EE3AAC0822735AA400A5BC94 /* addCommodityViewController.m in Sources */ = {isa = PBXBuildFile; fileRef = EE3AAC0622735AA400A5BC94 /* addCommodityViewController.m */; };
		EE3AAC0B22735CD900A5BC94 /* addCommodityTableViewCell.h in Headers */ = {isa = PBXBuildFile; fileRef = EE3AAC0922735CD900A5BC94 /* addCommodityTableViewCell.h */; };
		EE3AAC0C22735CD900A5BC94 /* addCommodityTableViewCell.m in Sources */ = {isa = PBXBuildFile; fileRef = EE3AAC0A22735CD900A5BC94 /* addCommodityTableViewCell.m */; };
		EEB0A6CB226F5B7E00066371 /* AppDelegate.m in Sources */ = {isa = PBXBuildFile; fileRef = EEB0A6CA226F5B7E00066371 /* AppDelegate.m */; };
		EEB0A6CE226F5B7E00066371 /* ViewController.m in Sources */ = {isa = PBXBuildFile; fileRef = EEB0A6CD226F5B7E00066371 /* ViewController.m */; };
		EEB0A6D1226F5B7E00066371 /* Main.storyboard in Resources */ = {isa = PBXBuildFile; fileRef = EEB0A6CF226F5B7E00066371 /* Main.storyboard */; };
		EEB0A6D4226F5B7E00066371 /* shopSeller.xcdatamodeld in Sources */ = {isa = PBXBuildFile; fileRef = EEB0A6D2226F5B7E00066371 /* shopSeller.xcdatamodeld */; };
		EEB0A6D6226F5B7F00066371 /* Assets.xcassets in Resources */ = {isa = PBXBuildFile; fileRef = EEB0A6D5226F5B7F00066371 /* Assets.xcassets */; };
		EEB0A6D9226F5B7F00066371 /* LaunchScreen.storyboard in Resources */ = {isa = PBXBuildFile; fileRef = EEB0A6D7226F5B7F00066371 /* LaunchScreen.storyboard */; };
		EEB0A6DC226F5B7F00066371 /* main.m in Sources */ = {isa = PBXBuildFile; fileRef = EEB0A6DB226F5B7F00066371 /* main.m */; };
		EEB0A6E6226F5B7F00066371 /* shopSellerTests.m in Sources */ = {isa = PBXBuildFile; fileRef = EEB0A6E5226F5B7F00066371 /* shopSellerTests.m */; };
		EEB0A6F1226F5B7F00066371 /* shopSellerUITests.m in Sources */ = {isa = PBXBuildFile; fileRef = EEB0A6F0226F5B7F00066371 /* shopSellerUITests.m */; };
		EEB0A6FF226F5C7D00066371 /* Podfile in Resources */ = {isa = PBXBuildFile; fileRef = EEB0A6FE226F5C7D00066371 /* Podfile */; };
		EEB0A705226F5E2800066371 /* homeTableViewController.m in Sources */ = {isa = PBXBuildFile; fileRef = EEB0A704226F5E2800066371 /* homeTableViewController.m */; };
		EEB0A708226F628A00066371 /* homeTableViewCell.m in Sources */ = {isa = PBXBuildFile; fileRef = EEB0A707226F628A00066371 /* homeTableViewCell.m */; };
		EEB0A70C226F635300066371 /* orderTableViewController.m in Sources */ = {isa = PBXBuildFile; fileRef = EEB0A70B226F635300066371 /* orderTableViewController.m */; };
		EEB0A70F226F636C00066371 /* statisticsTableViewController.m in Sources */ = {isa = PBXBuildFile; fileRef = EEB0A70E226F636C00066371 /* statisticsTableViewController.m */; };
		EEB0A712226F661600066371 /* staticticsTableViewCell.m in Sources */ = {isa = PBXBuildFile; fileRef = EEB0A711226F661600066371 /* staticticsTableViewCell.m */; };
		EEB0A716226F666500066371 /* UIFont+themeUIFont.m in Sources */ = {isa = PBXBuildFile; fileRef = EEB0A715226F666500066371 /* UIFont+themeUIFont.m */; };
		EEB0A719226F667800066371 /* UIColor+themeUIColor.m in Sources */ = {isa = PBXBuildFile; fileRef = EEB0A718226F667800066371 /* UIColor+themeUIColor.m */; };
		EED289FF2276A58E007725AE /* commodityListViewController.h in Headers */ = {isa = PBXBuildFile; fileRef = EED289FD2276A58E007725AE /* commodityListViewController.h */; settings = {ATTRIBUTES = (Public, ); }; };
		EED28A002276A58E007725AE /* commodityListViewController.m in Sources */ = {isa = PBXBuildFile; fileRef = EED289FE2276A58E007725AE /* commodityListViewController.m */; };
		EED28A032276BF61007725AE /* onSellViewController.h in Headers */ = {isa = PBXBuildFile; fileRef = EED28A012276BF61007725AE /* onSellViewController.h */; };
		EED28A042276BF61007725AE /* onSellViewController.m in Sources */ = {isa = PBXBuildFile; fileRef = EED28A022276BF61007725AE /* onSellViewController.m */; };
		EED28A072276C02B007725AE /* onDepotViewController.h in Headers */ = {isa = PBXBuildFile; fileRef = EED28A052276C02B007725AE /* onDepotViewController.h */; };
		EED28A082276C02B007725AE /* onDepotViewController.m in Sources */ = {isa = PBXBuildFile; fileRef = EED28A062276C02B007725AE /* onDepotViewController.m */; };
		EED28A0B2276CB68007725AE /* commodityListTableViewCell.h in Headers */ = {isa = PBXBuildFile; fileRef = EED28A092276CB68007725AE /* commodityListTableViewCell.h */; };
		EED28A0C2276CB68007725AE /* commodityListTableViewCell.m in Sources */ = {isa = PBXBuildFile; fileRef = EED28A0A2276CB68007725AE /* commodityListTableViewCell.m */; };
		EED28A0F2276CF51007725AE /* shopInfoManageViewController.h in Headers */ = {isa = PBXBuildFile; fileRef = EED28A0D2276CF51007725AE /* shopInfoManageViewController.h */; };
		EED28A102276CF51007725AE /* shopInfoManageViewController.m in Sources */ = {isa = PBXBuildFile; fileRef = EED28A0E2276CF51007725AE /* shopInfoManageViewController.m */; };
/* End PBXBuildFile section */

/* Begin PBXContainerItemProxy section */
		EEB0A6E2226F5B7F00066371 /* PBXContainerItemProxy */ = {
			isa = PBXContainerItemProxy;
			containerPortal = EEB0A6BE226F5B7E00066371 /* Project object */;
			proxyType = 1;
			remoteGlobalIDString = EEB0A6C5226F5B7E00066371;
			remoteInfo = shopSeller;
		};
		EEB0A6ED226F5B7F00066371 /* PBXContainerItemProxy */ = {
			isa = PBXContainerItemProxy;
			containerPortal = EEB0A6BE226F5B7E00066371 /* Project object */;
			proxyType = 1;
			remoteGlobalIDString = EEB0A6C5226F5B7E00066371;
			remoteInfo = shopSeller;
		};
/* End PBXContainerItemProxy section */

/* Begin PBXFileReference section */
		0CC27A414E397B75899BBA13 /* Pods-shopSeller.debug.xcconfig */ = {isa = PBXFileReference; includeInIndex = 1; lastKnownFileType = text.xcconfig; name = "Pods-shopSeller.debug.xcconfig"; path = "Pods/Target Support Files/Pods-shopSeller/Pods-shopSeller.debug.xcconfig"; sourceTree = "<group>"; };
		2D7E02B7A3A28E6F1F7AAF4F /* Pods-shopSeller.release.xcconfig */ = {isa = PBXFileReference; includeInIndex = 1; lastKnownFileType = text.xcconfig; name = "Pods-shopSeller.release.xcconfig"; path = "Pods/Target Support Files/Pods-shopSeller/Pods-shopSeller.release.xcconfig"; sourceTree = "<group>"; };
		C88C0CF8E7EC65E68CC99701 /* Pods_shopSeller.framework */ = {isa = PBXFileReference; explicitFileType = wrapper.framework; includeInIndex = 0; path = Pods_shopSeller.framework; sourceTree = BUILT_PRODUCTS_DIR; };
		EE3AAC0522735AA400A5BC94 /* addCommodityViewController.h */ = {isa = PBXFileReference; lastKnownFileType = sourcecode.c.h; path = addCommodityViewController.h; sourceTree = "<group>"; };
		EE3AAC0622735AA400A5BC94 /* addCommodityViewController.m */ = {isa = PBXFileReference; lastKnownFileType = sourcecode.c.objc; path = addCommodityViewController.m; sourceTree = "<group>"; };
		EE3AAC0922735CD900A5BC94 /* addCommodityTableViewCell.h */ = {isa = PBXFileReference; lastKnownFileType = sourcecode.c.h; path = addCommodityTableViewCell.h; sourceTree = "<group>"; };
		EE3AAC0A22735CD900A5BC94 /* addCommodityTableViewCell.m */ = {isa = PBXFileReference; lastKnownFileType = sourcecode.c.objc; path = addCommodityTableViewCell.m; sourceTree = "<group>"; };
		EEB0A6C6226F5B7E00066371 /* shopSeller.app */ = {isa = PBXFileReference; explicitFileType = wrapper.application; includeInIndex = 0; path = shopSeller.app; sourceTree = BUILT_PRODUCTS_DIR; };
		EEB0A6C9226F5B7E00066371 /* AppDelegate.h */ = {isa = PBXFileReference; lastKnownFileType = sourcecode.c.h; path = AppDelegate.h; sourceTree = "<group>"; };
		EEB0A6CA226F5B7E00066371 /* AppDelegate.m */ = {isa = PBXFileReference; lastKnownFileType = sourcecode.c.objc; path = AppDelegate.m; sourceTree = "<group>"; };
		EEB0A6CC226F5B7E00066371 /* ViewController.h */ = {isa = PBXFileReference; lastKnownFileType = sourcecode.c.h; path = ViewController.h; sourceTree = "<group>"; };
		EEB0A6CD226F5B7E00066371 /* ViewController.m */ = {isa = PBXFileReference; lastKnownFileType = sourcecode.c.objc; path = ViewController.m; sourceTree = "<group>"; };
		EEB0A6D0226F5B7E00066371 /* Base */ = {isa = PBXFileReference; lastKnownFileType = file.storyboard; name = Base; path = Base.lproj/Main.storyboard; sourceTree = "<group>"; };
		EEB0A6D3226F5B7E00066371 /* shopSeller.xcdatamodel */ = {isa = PBXFileReference; lastKnownFileType = wrapper.xcdatamodel; path = shopSeller.xcdatamodel; sourceTree = "<group>"; };
		EEB0A6D5226F5B7F00066371 /* Assets.xcassets */ = {isa = PBXFileReference; lastKnownFileType = folder.assetcatalog; path = Assets.xcassets; sourceTree = "<group>"; };
		EEB0A6D8226F5B7F00066371 /* Base */ = {isa = PBXFileReference; lastKnownFileType = file.storyboard; name = Base; path = Base.lproj/LaunchScreen.storyboard; sourceTree = "<group>"; };
		EEB0A6DA226F5B7F00066371 /* Info.plist */ = {isa = PBXFileReference; lastKnownFileType = text.plist.xml; path = Info.plist; sourceTree = "<group>"; };
		EEB0A6DB226F5B7F00066371 /* main.m */ = {isa = PBXFileReference; lastKnownFileType = sourcecode.c.objc; path = main.m; sourceTree = "<group>"; };
		EEB0A6E1226F5B7F00066371 /* shopSellerTests.xctest */ = {isa = PBXFileReference; explicitFileType = wrapper.cfbundle; includeInIndex = 0; path = shopSellerTests.xctest; sourceTree = BUILT_PRODUCTS_DIR; };
		EEB0A6E5226F5B7F00066371 /* shopSellerTests.m */ = {isa = PBXFileReference; lastKnownFileType = sourcecode.c.objc; path = shopSellerTests.m; sourceTree = "<group>"; };
		EEB0A6E7226F5B7F00066371 /* Info.plist */ = {isa = PBXFileReference; lastKnownFileType = text.plist.xml; path = Info.plist; sourceTree = "<group>"; };
		EEB0A6EC226F5B7F00066371 /* shopSellerUITests.xctest */ = {isa = PBXFileReference; explicitFileType = wrapper.cfbundle; includeInIndex = 0; path = shopSellerUITests.xctest; sourceTree = BUILT_PRODUCTS_DIR; };
		EEB0A6F0226F5B7F00066371 /* shopSellerUITests.m */ = {isa = PBXFileReference; lastKnownFileType = sourcecode.c.objc; path = shopSellerUITests.m; sourceTree = "<group>"; };
		EEB0A6F2226F5B7F00066371 /* Info.plist */ = {isa = PBXFileReference; lastKnownFileType = text.plist.xml; path = Info.plist; sourceTree = "<group>"; };
		EEB0A6FE226F5C7D00066371 /* Podfile */ = {isa = PBXFileReference; lastKnownFileType = text; path = Podfile; sourceTree = "<group>"; xcLanguageSpecificationIdentifier = xcode.lang.ruby; };
		EEB0A703226F5E2800066371 /* homeTableViewController.h */ = {isa = PBXFileReference; lastKnownFileType = sourcecode.c.h; path = homeTableViewController.h; sourceTree = "<group>"; };
		EEB0A704226F5E2800066371 /* homeTableViewController.m */ = {isa = PBXFileReference; lastKnownFileType = sourcecode.c.objc; path = homeTableViewController.m; sourceTree = "<group>"; };
		EEB0A706226F628A00066371 /* homeTableViewCell.h */ = {isa = PBXFileReference; lastKnownFileType = sourcecode.c.h; path = homeTableViewCell.h; sourceTree = "<group>"; };
		EEB0A707226F628A00066371 /* homeTableViewCell.m */ = {isa = PBXFileReference; lastKnownFileType = sourcecode.c.objc; path = homeTableViewCell.m; sourceTree = "<group>"; };
		EEB0A70A226F635300066371 /* orderTableViewController.h */ = {isa = PBXFileReference; lastKnownFileType = sourcecode.c.h; path = orderTableViewController.h; sourceTree = "<group>"; };
		EEB0A70B226F635300066371 /* orderTableViewController.m */ = {isa = PBXFileReference; lastKnownFileType = sourcecode.c.objc; path = orderTableViewController.m; sourceTree = "<group>"; };
		EEB0A70D226F636C00066371 /* statisticsTableViewController.h */ = {isa = PBXFileReference; lastKnownFileType = sourcecode.c.h; path = statisticsTableViewController.h; sourceTree = "<group>"; };
		EEB0A70E226F636C00066371 /* statisticsTableViewController.m */ = {isa = PBXFileReference; lastKnownFileType = sourcecode.c.objc; path = statisticsTableViewController.m; sourceTree = "<group>"; };
		EEB0A710226F661600066371 /* staticticsTableViewCell.h */ = {isa = PBXFileReference; lastKnownFileType = sourcecode.c.h; path = staticticsTableViewCell.h; sourceTree = "<group>"; };
		EEB0A711226F661600066371 /* staticticsTableViewCell.m */ = {isa = PBXFileReference; lastKnownFileType = sourcecode.c.objc; path = staticticsTableViewCell.m; sourceTree = "<group>"; };
		EEB0A714226F666500066371 /* UIFont+themeUIFont.h */ = {isa = PBXFileReference; lastKnownFileType = sourcecode.c.h; path = "UIFont+themeUIFont.h"; sourceTree = "<group>"; };
		EEB0A715226F666500066371 /* UIFont+themeUIFont.m */ = {isa = PBXFileReference; lastKnownFileType = sourcecode.c.objc; path = "UIFont+themeUIFont.m"; sourceTree = "<group>"; };
		EEB0A717226F667800066371 /* UIColor+themeUIColor.h */ = {isa = PBXFileReference; lastKnownFileType = sourcecode.c.h; path = "UIColor+themeUIColor.h"; sourceTree = "<group>"; };
		EEB0A718226F667800066371 /* UIColor+themeUIColor.m */ = {isa = PBXFileReference; lastKnownFileType = sourcecode.c.objc; path = "UIColor+themeUIColor.m"; sourceTree = "<group>"; };
		EED289FD2276A58E007725AE /* commodityListViewController.h */ = {isa = PBXFileReference; lastKnownFileType = sourcecode.c.h; path = commodityListViewController.h; sourceTree = "<group>"; };
		EED289FE2276A58E007725AE /* commodityListViewController.m */ = {isa = PBXFileReference; lastKnownFileType = sourcecode.c.objc; path = commodityListViewController.m; sourceTree = "<group>"; };
		EED28A012276BF61007725AE /* onSellViewController.h */ = {isa = PBXFileReference; lastKnownFileType = sourcecode.c.h; path = onSellViewController.h; sourceTree = "<group>"; };
		EED28A022276BF61007725AE /* onSellViewController.m */ = {isa = PBXFileReference; lastKnownFileType = sourcecode.c.objc; path = onSellViewController.m; sourceTree = "<group>"; };
		EED28A052276C02B007725AE /* onDepotViewController.h */ = {isa = PBXFileReference; lastKnownFileType = sourcecode.c.h; path = onDepotViewController.h; sourceTree = "<group>"; };
		EED28A062276C02B007725AE /* onDepotViewController.m */ = {isa = PBXFileReference; lastKnownFileType = sourcecode.c.objc; path = onDepotViewController.m; sourceTree = "<group>"; };
		EED28A092276CB68007725AE /* commodityListTableViewCell.h */ = {isa = PBXFileReference; lastKnownFileType = sourcecode.c.h; path = commodityListTableViewCell.h; sourceTree = "<group>"; };
		EED28A0A2276CB68007725AE /* commodityListTableViewCell.m */ = {isa = PBXFileReference; lastKnownFileType = sourcecode.c.objc; path = commodityListTableViewCell.m; sourceTree = "<group>"; };
		EED28A0D2276CF51007725AE /* shopInfoManageViewController.h */ = {isa = PBXFileReference; lastKnownFileType = sourcecode.c.h; path = shopInfoManageViewController.h; sourceTree = "<group>"; };
		EED28A0E2276CF51007725AE /* shopInfoManageViewController.m */ = {isa = PBXFileReference; lastKnownFileType = sourcecode.c.objc; path = shopInfoManageViewController.m; sourceTree = "<group>"; };
/* End PBXFileReference section */

/* Begin PBXFrameworksBuildPhase section */
		EEB0A6C3226F5B7E00066371 /* Frameworks */ = {
			isa = PBXFrameworksBuildPhase;
			buildActionMask = 2147483647;
			files = (
				EA73294EDAEBDEDD8CCF562B /* Pods_shopSeller.framework in Frameworks */,
			);
			runOnlyForDeploymentPostprocessing = 0;
		};
		EEB0A6DE226F5B7F00066371 /* Frameworks */ = {
			isa = PBXFrameworksBuildPhase;
			buildActionMask = 2147483647;
			files = (
			);
			runOnlyForDeploymentPostprocessing = 0;
		};
		EEB0A6E9226F5B7F00066371 /* Frameworks */ = {
			isa = PBXFrameworksBuildPhase;
			buildActionMask = 2147483647;
			files = (
			);
			runOnlyForDeploymentPostprocessing = 0;
		};
/* End PBXFrameworksBuildPhase section */

/* Begin PBXGroup section */
		258AD3FEA49544947C2DB7E8 /* Pods */ = {
			isa = PBXGroup;
			children = (
				0CC27A414E397B75899BBA13 /* Pods-shopSeller.debug.xcconfig */,
				2D7E02B7A3A28E6F1F7AAF4F /* Pods-shopSeller.release.xcconfig */,
			);
			name = Pods;
			sourceTree = "<group>";
		};
		83ED716E10936151F5B40DB7 /* Frameworks */ = {
			isa = PBXGroup;
			children = (
				C88C0CF8E7EC65E68CC99701 /* Pods_shopSeller.framework */,
			);
			name = Frameworks;
			sourceTree = "<group>";
		};
		EEB0A6BD226F5B7E00066371 = {
			isa = PBXGroup;
			children = (
				EEB0A6FE226F5C7D00066371 /* Podfile */,
				EEB0A6C8226F5B7E00066371 /* shopSeller */,
				EEB0A6E4226F5B7F00066371 /* shopSellerTests */,
				EEB0A6EF226F5B7F00066371 /* shopSellerUITests */,
				EEB0A6C7226F5B7E00066371 /* Products */,
				258AD3FEA49544947C2DB7E8 /* Pods */,
				83ED716E10936151F5B40DB7 /* Frameworks */,
			);
			sourceTree = "<group>";
		};
		EEB0A6C7226F5B7E00066371 /* Products */ = {
			isa = PBXGroup;
			children = (
				EEB0A6C6226F5B7E00066371 /* shopSeller.app */,
				EEB0A6E1226F5B7F00066371 /* shopSellerTests.xctest */,
				EEB0A6EC226F5B7F00066371 /* shopSellerUITests.xctest */,
			);
			name = Products;
			sourceTree = "<group>";
		};
		EEB0A6C8226F5B7E00066371 /* shopSeller */ = {
			isa = PBXGroup;
			children = (
				EEB0A713226F662600066371 /* category */,
				EED289FC2276A577007725AE /* commodityManagePage */,
				EEB0A700226F5D8200066371 /* homePage */,
				EEB0A701226F5D8C00066371 /* messagePage */,
				EEB0A709226F633C00066371 /* orderPage */,
				EEB0A702226F5D9300066371 /* statisticsPage */,
				EEB0A6C9226F5B7E00066371 /* AppDelegate.h */,
				EEB0A6CA226F5B7E00066371 /* AppDelegate.m */,
				EEB0A6CC226F5B7E00066371 /* ViewController.h */,
				EEB0A6CD226F5B7E00066371 /* ViewController.m */,
				EEB0A6CF226F5B7E00066371 /* Main.storyboard */,
				EEB0A6D5226F5B7F00066371 /* Assets.xcassets */,
				EEB0A6D7226F5B7F00066371 /* LaunchScreen.storyboard */,
				EEB0A6DA226F5B7F00066371 /* Info.plist */,
				EEB0A6DB226F5B7F00066371 /* main.m */,
				EEB0A6D2226F5B7E00066371 /* shopSeller.xcdatamodeld */,
			);
			path = shopSeller;
			sourceTree = "<group>";
		};
		EEB0A6E4226F5B7F00066371 /* shopSellerTests */ = {
			isa = PBXGroup;
			children = (
				EEB0A6E5226F5B7F00066371 /* shopSellerTests.m */,
				EEB0A6E7226F5B7F00066371 /* Info.plist */,
			);
			path = shopSellerTests;
			sourceTree = "<group>";
		};
		EEB0A6EF226F5B7F00066371 /* shopSellerUITests */ = {
			isa = PBXGroup;
			children = (
				EEB0A6F0226F5B7F00066371 /* shopSellerUITests.m */,
				EEB0A6F2226F5B7F00066371 /* Info.plist */,
			);
			path = shopSellerUITests;
			sourceTree = "<group>";
		};
		EEB0A700226F5D8200066371 /* homePage */ = {
			isa = PBXGroup;
			children = (
				EEB0A703226F5E2800066371 /* homeTableViewController.h */,
				EEB0A704226F5E2800066371 /* homeTableViewController.m */,
				EEB0A706226F628A00066371 /* homeTableViewCell.h */,
				EEB0A707226F628A00066371 /* homeTableViewCell.m */,
				EE3AAC0522735AA400A5BC94 /* addCommodityViewController.h */,
				EE3AAC0622735AA400A5BC94 /* addCommodityViewController.m */,
				EE3AAC0922735CD900A5BC94 /* addCommodityTableViewCell.h */,
				EE3AAC0A22735CD900A5BC94 /* addCommodityTableViewCell.m */,
				EED28A0D2276CF51007725AE /* shopInfoManageViewController.h */,
				EED28A0E2276CF51007725AE /* shopInfoManageViewController.m */,
			);
			path = homePage;
			sourceTree = "<group>";
		};
		EEB0A701226F5D8C00066371 /* messagePage */ = {
			isa = PBXGroup;
			children = (
			);
			path = messagePage;
			sourceTree = "<group>";
		};
		EEB0A702226F5D9300066371 /* statisticsPage */ = {
			isa = PBXGroup;
			children = (
				EEB0A70D226F636C00066371 /* statisticsTableViewController.h */,
				EEB0A70E226F636C00066371 /* statisticsTableViewController.m */,
				EEB0A710226F661600066371 /* staticticsTableViewCell.h */,
				EEB0A711226F661600066371 /* staticticsTableViewCell.m */,
			);
			path = statisticsPage;
			sourceTree = "<group>";
		};
		EEB0A709226F633C00066371 /* orderPage */ = {
			isa = PBXGroup;
			children = (
				EEB0A70A226F635300066371 /* orderTableViewController.h */,
				EEB0A70B226F635300066371 /* orderTableViewController.m */,
			);
			path = orderPage;
			sourceTree = "<group>";
		};
		EEB0A713226F662600066371 /* category */ = {
			isa = PBXGroup;
			children = (
				EEB0A714226F666500066371 /* UIFont+themeUIFont.h */,
				EEB0A715226F666500066371 /* UIFont+themeUIFont.m */,
				EEB0A717226F667800066371 /* UIColor+themeUIColor.h */,
				EEB0A718226F667800066371 /* UIColor+themeUIColor.m */,
			);
			path = category;
			sourceTree = "<group>";
		};
		EED289FC2276A577007725AE /* commodityManagePage */ = {
			isa = PBXGroup;
			children = (
				EED289FD2276A58E007725AE /* commodityListViewController.h */,
				EED289FE2276A58E007725AE /* commodityListViewController.m */,
				EED28A012276BF61007725AE /* onSellViewController.h */,
				EED28A022276BF61007725AE /* onSellViewController.m */,
				EED28A052276C02B007725AE /* onDepotViewController.h */,
				EED28A062276C02B007725AE /* onDepotViewController.m */,
				EED28A092276CB68007725AE /* commodityListTableViewCell.h */,
				EED28A0A2276CB68007725AE /* commodityListTableViewCell.m */,
			);
			path = commodityManagePage;
			sourceTree = "<group>";
		};
/* End PBXGroup section */

/* Begin PBXHeadersBuildPhase section */
		EE3AABFB2271B9EF00A5BC94 /* Headers */ = {
			isa = PBXHeadersBuildPhase;
			buildActionMask = 2147483647;
			files = (
				EED28A032276BF61007725AE /* onSellViewController.h in Headers */,
				EED28A072276C02B007725AE /* onDepotViewController.h in Headers */,
				EED28A0F2276CF51007725AE /* shopInfoManageViewController.h in Headers */,
				EED289FF2276A58E007725AE /* commodityListViewController.h in Headers */,
				EE3AAC0B22735CD900A5BC94 /* addCommodityTableViewCell.h in Headers */,
				EE3AABFC2271B9F500A5BC94 /* homeTableViewCell.h in Headers */,
				EED28A0B2276CB68007725AE /* commodityListTableViewCell.h in Headers */,
				EE3AAC0722735AA400A5BC94 /* addCommodityViewController.h in Headers */,
			);
			runOnlyForDeploymentPostprocessing = 0;
		};
/* End PBXHeadersBuildPhase section */

/* Begin PBXNativeTarget section */
		EEB0A6C5226F5B7E00066371 /* shopSeller */ = {
			isa = PBXNativeTarget;
			buildConfigurationList = EEB0A6F5226F5B7F00066371 /* Build configuration list for PBXNativeTarget "shopSeller" */;
			buildPhases = (
				FF536FA5BD1D2F834C5C8E0D /* [CP] Check Pods Manifest.lock */,
				EE3AABFB2271B9EF00A5BC94 /* Headers */,
				EEB0A6C2226F5B7E00066371 /* Sources */,
				EEB0A6C3226F5B7E00066371 /* Frameworks */,
				EEB0A6C4226F5B7E00066371 /* Resources */,
				B64836B35A7E83AE7296C706 /* [CP] Embed Pods Frameworks */,
			);
			buildRules = (
			);
			dependencies = (
			);
			name = shopSeller;
			productName = shopSeller;
			productReference = EEB0A6C6226F5B7E00066371 /* shopSeller.app */;
			productType = "com.apple.product-type.application";
		};
		EEB0A6E0226F5B7F00066371 /* shopSellerTests */ = {
			isa = PBXNativeTarget;
			buildConfigurationList = EEB0A6F8226F5B7F00066371 /* Build configuration list for PBXNativeTarget "shopSellerTests" */;
			buildPhases = (
				EEB0A6DD226F5B7F00066371 /* Sources */,
				EEB0A6DE226F5B7F00066371 /* Frameworks */,
				EEB0A6DF226F5B7F00066371 /* Resources */,
			);
			buildRules = (
			);
			dependencies = (
				EEB0A6E3226F5B7F00066371 /* PBXTargetDependency */,
			);
			name = shopSellerTests;
			productName = shopSellerTests;
			productReference = EEB0A6E1226F5B7F00066371 /* shopSellerTests.xctest */;
			productType = "com.apple.product-type.bundle.unit-test";
		};
		EEB0A6EB226F5B7F00066371 /* shopSellerUITests */ = {
			isa = PBXNativeTarget;
			buildConfigurationList = EEB0A6FB226F5B7F00066371 /* Build configuration list for PBXNativeTarget "shopSellerUITests" */;
			buildPhases = (
				EEB0A6E8226F5B7F00066371 /* Sources */,
				EEB0A6E9226F5B7F00066371 /* Frameworks */,
				EEB0A6EA226F5B7F00066371 /* Resources */,
			);
			buildRules = (
			);
			dependencies = (
				EEB0A6EE226F5B7F00066371 /* PBXTargetDependency */,
			);
			name = shopSellerUITests;
			productName = shopSellerUITests;
			productReference = EEB0A6EC226F5B7F00066371 /* shopSellerUITests.xctest */;
			productType = "com.apple.product-type.bundle.ui-testing";
		};
/* End PBXNativeTarget section */

/* Begin PBXProject section */
		EEB0A6BE226F5B7E00066371 /* Project object */ = {
			isa = PBXProject;
			attributes = {
				LastUpgradeCheck = 1020;
				ORGANIZATIONNAME = "李祎喆";
				TargetAttributes = {
					EEB0A6C5226F5B7E00066371 = {
						CreatedOnToolsVersion = 10.2.1;
					};
					EEB0A6E0226F5B7F00066371 = {
						CreatedOnToolsVersion = 10.2.1;
						TestTargetID = EEB0A6C5226F5B7E00066371;
					};
					EEB0A6EB226F5B7F00066371 = {
						CreatedOnToolsVersion = 10.2.1;
						TestTargetID = EEB0A6C5226F5B7E00066371;
					};
				};
			};
			buildConfigurationList = EEB0A6C1226F5B7E00066371 /* Build configuration list for PBXProject "shopSeller" */;
			compatibilityVersion = "Xcode 9.3";
			developmentRegion = en;
			hasScannedForEncodings = 0;
			knownRegions = (
				en,
				Base,
			);
			mainGroup = EEB0A6BD226F5B7E00066371;
			productRefGroup = EEB0A6C7226F5B7E00066371 /* Products */;
			projectDirPath = "";
			projectRoot = "";
			targets = (
				EEB0A6C5226F5B7E00066371 /* shopSeller */,
				EEB0A6E0226F5B7F00066371 /* shopSellerTests */,
				EEB0A6EB226F5B7F00066371 /* shopSellerUITests */,
			);
		};
/* End PBXProject section */

/* Begin PBXResourcesBuildPhase section */
		EEB0A6C4226F5B7E00066371 /* Resources */ = {
			isa = PBXResourcesBuildPhase;
			buildActionMask = 2147483647;
			files = (
				EEB0A6D9226F5B7F00066371 /* LaunchScreen.storyboard in Resources */,
				EEB0A6D6226F5B7F00066371 /* Assets.xcassets in Resources */,
				EEB0A6FF226F5C7D00066371 /* Podfile in Resources */,
				EEB0A6D1226F5B7E00066371 /* Main.storyboard in Resources */,
			);
			runOnlyForDeploymentPostprocessing = 0;
		};
		EEB0A6DF226F5B7F00066371 /* Resources */ = {
			isa = PBXResourcesBuildPhase;
			buildActionMask = 2147483647;
			files = (
			);
			runOnlyForDeploymentPostprocessing = 0;
		};
		EEB0A6EA226F5B7F00066371 /* Resources */ = {
			isa = PBXResourcesBuildPhase;
			buildActionMask = 2147483647;
			files = (
			);
			runOnlyForDeploymentPostprocessing = 0;
		};
/* End PBXResourcesBuildPhase section */

/* Begin PBXShellScriptBuildPhase section */
		B64836B35A7E83AE7296C706 /* [CP] Embed Pods Frameworks */ = {
			isa = PBXShellScriptBuildPhase;
			buildActionMask = 2147483647;
			files = (
			);
			inputPaths = (
				"${SRCROOT}/Pods/Target Support Files/Pods-shopSeller/Pods-shopSeller-frameworks.sh",
				"${BUILT_PRODUCTS_DIR}/AVOSCloud/AVOSCloud.framework",
				"${BUILT_PRODUCTS_DIR}/JXCategoryView/JXCategoryView.framework",
				"${BUILT_PRODUCTS_DIR}/Masonry/Masonry.framework",
				"${BUILT_PRODUCTS_DIR}/PYSearch/PYSearch.framework",
				"${BUILT_PRODUCTS_DIR}/SDWebImage/SDWebImage.framework",
				"${BUILT_PRODUCTS_DIR}/SVProgressHUD/SVProgressHUD.framework",
				"${BUILT_PRODUCTS_DIR}/TZImagePickerController/TZImagePickerController.framework",
				"${BUILT_PRODUCTS_DIR}/WRNavigationBar/WRNavigationBar.framework",
			);
			name = "[CP] Embed Pods Frameworks";
			outputPaths = (
				"${TARGET_BUILD_DIR}/${FRAMEWORKS_FOLDER_PATH}/AVOSCloud.framework",
				"${TARGET_BUILD_DIR}/${FRAMEWORKS_FOLDER_PATH}/JXCategoryView.framework",
				"${TARGET_BUILD_DIR}/${FRAMEWORKS_FOLDER_PATH}/Masonry.framework",
				"${TARGET_BUILD_DIR}/${FRAMEWORKS_FOLDER_PATH}/PYSearch.framework",
				"${TARGET_BUILD_DIR}/${FRAMEWORKS_FOLDER_PATH}/SDWebImage.framework",
				"${TARGET_BUILD_DIR}/${FRAMEWORKS_FOLDER_PATH}/SVProgressHUD.framework",
				"${TARGET_BUILD_DIR}/${FRAMEWORKS_FOLDER_PATH}/TZImagePickerController.framework",
				"${TARGET_BUILD_DIR}/${FRAMEWORKS_FOLDER_PATH}/WRNavigationBar.framework",
			);
			runOnlyForDeploymentPostprocessing = 0;
			shellPath = /bin/sh;
			shellScript = "\"${SRCROOT}/Pods/Target Support Files/Pods-shopSeller/Pods-shopSeller-frameworks.sh\"\n";
			showEnvVarsInLog = 0;
		};
		FF536FA5BD1D2F834C5C8E0D /* [CP] Check Pods Manifest.lock */ = {
			isa = PBXShellScriptBuildPhase;
			buildActionMask = 2147483647;
			files = (
			);
			inputPaths = (
				"${PODS_PODFILE_DIR_PATH}/Podfile.lock",
				"${PODS_ROOT}/Manifest.lock",
			);
			name = "[CP] Check Pods Manifest.lock";
			outputPaths = (
				"$(DERIVED_FILE_DIR)/Pods-shopSeller-checkManifestLockResult.txt",
			);
			runOnlyForDeploymentPostprocessing = 0;
			shellPath = /bin/sh;
			shellScript = "diff \"${PODS_PODFILE_DIR_PATH}/Podfile.lock\" \"${PODS_ROOT}/Manifest.lock\" > /dev/null\nif [ $? != 0 ] ; then\n    # print error to STDERR\n    echo \"error: The sandbox is not in sync with the Podfile.lock. Run 'pod install' or update your CocoaPods installation.\" >&2\n    exit 1\nfi\n# This output is used by Xcode 'outputs' to avoid re-running this script phase.\necho \"SUCCESS\" > \"${SCRIPT_OUTPUT_FILE_0}\"\n";
			showEnvVarsInLog = 0;
		};
/* End PBXShellScriptBuildPhase section */

/* Begin PBXSourcesBuildPhase section */
		EEB0A6C2226F5B7E00066371 /* Sources */ = {
			isa = PBXSourcesBuildPhase;
			buildActionMask = 2147483647;
			files = (
				EEB0A70C226F635300066371 /* orderTableViewController.m in Sources */,
				EEB0A716226F666500066371 /* UIFont+themeUIFont.m in Sources */,
				EED28A0C2276CB68007725AE /* commodityListTableViewCell.m in Sources */,
				EEB0A6CE226F5B7E00066371 /* ViewController.m in Sources */,
				EEB0A6CB226F5B7E00066371 /* AppDelegate.m in Sources */,
				EE3AAC0C22735CD900A5BC94 /* addCommodityTableViewCell.m in Sources */,
				EE3AAC0822735AA400A5BC94 /* addCommodityViewController.m in Sources */,
				EED28A002276A58E007725AE /* commodityListViewController.m in Sources */,
				EEB0A712226F661600066371 /* staticticsTableViewCell.m in Sources */,
				EEB0A705226F5E2800066371 /* homeTableViewController.m in Sources */,
				EEB0A70F226F636C00066371 /* statisticsTableViewController.m in Sources */,
				EED28A082276C02B007725AE /* onDepotViewController.m in Sources */,
				EED28A042276BF61007725AE /* onSellViewController.m in Sources */,
				EED28A102276CF51007725AE /* shopInfoManageViewController.m in Sources */,
				EEB0A6DC226F5B7F00066371 /* main.m in Sources */,
				EEB0A708226F628A00066371 /* homeTableViewCell.m in Sources */,
				EEB0A719226F667800066371 /* UIColor+themeUIColor.m in Sources */,
				EEB0A6D4226F5B7E00066371 /* shopSeller.xcdatamodeld in Sources */,
			);
			runOnlyForDeploymentPostprocessing = 0;
		};
		EEB0A6DD226F5B7F00066371 /* Sources */ = {
			isa = PBXSourcesBuildPhase;
			buildActionMask = 2147483647;
			files = (
				EEB0A6E6226F5B7F00066371 /* shopSellerTests.m in Sources */,
			);
			runOnlyForDeploymentPostprocessing = 0;
		};
		EEB0A6E8226F5B7F00066371 /* Sources */ = {
			isa = PBXSourcesBuildPhase;
			buildActionMask = 2147483647;
			files = (
				EEB0A6F1226F5B7F00066371 /* shopSellerUITests.m in Sources */,
			);
			runOnlyForDeploymentPostprocessing = 0;
		};
/* End PBXSourcesBuildPhase section */

/* Begin PBXTargetDependency section */
		EEB0A6E3226F5B7F00066371 /* PBXTargetDependency */ = {
			isa = PBXTargetDependency;
			target = EEB0A6C5226F5B7E00066371 /* shopSeller */;
			targetProxy = EEB0A6E2226F5B7F00066371 /* PBXContainerItemProxy */;
		};
		EEB0A6EE226F5B7F00066371 /* PBXTargetDependency */ = {
			isa = PBXTargetDependency;
			target = EEB0A6C5226F5B7E00066371 /* shopSeller */;
			targetProxy = EEB0A6ED226F5B7F00066371 /* PBXContainerItemProxy */;
		};
/* End PBXTargetDependency section */

/* Begin PBXVariantGroup section */
		EEB0A6CF226F5B7E00066371 /* Main.storyboard */ = {
			isa = PBXVariantGroup;
			children = (
				EEB0A6D0226F5B7E00066371 /* Base */,
			);
			name = Main.storyboard;
			sourceTree = "<group>";
		};
		EEB0A6D7226F5B7F00066371 /* LaunchScreen.storyboard */ = {
			isa = PBXVariantGroup;
			children = (
				EEB0A6D8226F5B7F00066371 /* Base */,
			);
			name = LaunchScreen.storyboard;
			sourceTree = "<group>";
		};
/* End PBXVariantGroup section */

/* Begin XCBuildConfiguration section */
		EEB0A6F3226F5B7F00066371 /* Debug */ = {
			isa = XCBuildConfiguration;
			buildSettings = {
				ALWAYS_SEARCH_USER_PATHS = NO;
				CLANG_ANALYZER_NONNULL = YES;
				CLANG_ANALYZER_NUMBER_OBJECT_CONVERSION = YES_AGGRESSIVE;
				CLANG_CXX_LANGUAGE_STANDARD = "gnu++14";
				CLANG_CXX_LIBRARY = "libc++";
				CLANG_ENABLE_MODULES = YES;
				CLANG_ENABLE_OBJC_ARC = YES;
				CLANG_ENABLE_OBJC_WEAK = YES;
				CLANG_WARN_BLOCK_CAPTURE_AUTORELEASING = YES;
				CLANG_WARN_BOOL_CONVERSION = YES;
				CLANG_WARN_COMMA = YES;
				CLANG_WARN_CONSTANT_CONVERSION = YES;
				CLANG_WARN_DEPRECATED_OBJC_IMPLEMENTATIONS = YES;
				CLANG_WARN_DIRECT_OBJC_ISA_USAGE = YES_ERROR;
				CLANG_WARN_DOCUMENTATION_COMMENTS = YES;
				CLANG_WARN_EMPTY_BODY = YES;
				CLANG_WARN_ENUM_CONVERSION = YES;
				CLANG_WARN_INFINITE_RECURSION = YES;
				CLANG_WARN_INT_CONVERSION = YES;
				CLANG_WARN_NON_LITERAL_NULL_CONVERSION = YES;
				CLANG_WARN_OBJC_IMPLICIT_RETAIN_SELF = YES;
				CLANG_WARN_OBJC_LITERAL_CONVERSION = YES;
				CLANG_WARN_OBJC_ROOT_CLASS = YES_ERROR;
				CLANG_WARN_RANGE_LOOP_ANALYSIS = YES;
				CLANG_WARN_STRICT_PROTOTYPES = YES;
				CLANG_WARN_SUSPICIOUS_MOVE = YES;
				CLANG_WARN_UNGUARDED_AVAILABILITY = YES_AGGRESSIVE;
				CLANG_WARN_UNREACHABLE_CODE = YES;
				CLANG_WARN__DUPLICATE_METHOD_MATCH = YES;
				CODE_SIGN_IDENTITY = "iPhone Developer";
				COPY_PHASE_STRIP = NO;
				DEBUG_INFORMATION_FORMAT = dwarf;
				ENABLE_STRICT_OBJC_MSGSEND = YES;
				ENABLE_TESTABILITY = YES;
				GCC_C_LANGUAGE_STANDARD = gnu11;
				GCC_DYNAMIC_NO_PIC = NO;
				GCC_NO_COMMON_BLOCKS = YES;
				GCC_OPTIMIZATION_LEVEL = 0;
				GCC_PREPROCESSOR_DEFINITIONS = (
					"DEBUG=1",
					"$(inherited)",
				);
				GCC_WARN_64_TO_32_BIT_CONVERSION = YES;
				GCC_WARN_ABOUT_RETURN_TYPE = YES_ERROR;
				GCC_WARN_UNDECLARED_SELECTOR = YES;
				GCC_WARN_UNINITIALIZED_AUTOS = YES_AGGRESSIVE;
				GCC_WARN_UNUSED_FUNCTION = YES;
				GCC_WARN_UNUSED_VARIABLE = YES;
				IPHONEOS_DEPLOYMENT_TARGET = 12.2;
				MTL_ENABLE_DEBUG_INFO = INCLUDE_SOURCE;
				MTL_FAST_MATH = YES;
				ONLY_ACTIVE_ARCH = YES;
				SDKROOT = iphoneos;
			};
			name = Debug;
		};
		EEB0A6F4226F5B7F00066371 /* Release */ = {
			isa = XCBuildConfiguration;
			buildSettings = {
				ALWAYS_SEARCH_USER_PATHS = NO;
				CLANG_ANALYZER_NONNULL = YES;
				CLANG_ANALYZER_NUMBER_OBJECT_CONVERSION = YES_AGGRESSIVE;
				CLANG_CXX_LANGUAGE_STANDARD = "gnu++14";
				CLANG_CXX_LIBRARY = "libc++";
				CLANG_ENABLE_MODULES = YES;
				CLANG_ENABLE_OBJC_ARC = YES;
				CLANG_ENABLE_OBJC_WEAK = YES;
				CLANG_WARN_BLOCK_CAPTURE_AUTORELEASING = YES;
				CLANG_WARN_BOOL_CONVERSION = YES;
				CLANG_WARN_COMMA = YES;
				CLANG_WARN_CONSTANT_CONVERSION = YES;
				CLANG_WARN_DEPRECATED_OBJC_IMPLEMENTATIONS = YES;
				CLANG_WARN_DIRECT_OBJC_ISA_USAGE = YES_ERROR;
				CLANG_WARN_DOCUMENTATION_COMMENTS = YES;
				CLANG_WARN_EMPTY_BODY = YES;
				CLANG_WARN_ENUM_CONVERSION = YES;
				CLANG_WARN_INFINITE_RECURSION = YES;
				CLANG_WARN_INT_CONVERSION = YES;
				CLANG_WARN_NON_LITERAL_NULL_CONVERSION = YES;
				CLANG_WARN_OBJC_IMPLICIT_RETAIN_SELF = YES;
				CLANG_WARN_OBJC_LITERAL_CONVERSION = YES;
				CLANG_WARN_OBJC_ROOT_CLASS = YES_ERROR;
				CLANG_WARN_RANGE_LOOP_ANALYSIS = YES;
				CLANG_WARN_STRICT_PROTOTYPES = YES;
				CLANG_WARN_SUSPICIOUS_MOVE = YES;
				CLANG_WARN_UNGUARDED_AVAILABILITY = YES_AGGRESSIVE;
				CLANG_WARN_UNREACHABLE_CODE = YES;
				CLANG_WARN__DUPLICATE_METHOD_MATCH = YES;
				CODE_SIGN_IDENTITY = "iPhone Developer";
				COPY_PHASE_STRIP = NO;
				DEBUG_INFORMATION_FORMAT = "dwarf-with-dsym";
				ENABLE_NS_ASSERTIONS = NO;
				ENABLE_STRICT_OBJC_MSGSEND = YES;
				GCC_C_LANGUAGE_STANDARD = gnu11;
				GCC_NO_COMMON_BLOCKS = YES;
				GCC_WARN_64_TO_32_BIT_CONVERSION = YES;
				GCC_WARN_ABOUT_RETURN_TYPE = YES_ERROR;
				GCC_WARN_UNDECLARED_SELECTOR = YES;
				GCC_WARN_UNINITIALIZED_AUTOS = YES_AGGRESSIVE;
				GCC_WARN_UNUSED_FUNCTION = YES;
				GCC_WARN_UNUSED_VARIABLE = YES;
				IPHONEOS_DEPLOYMENT_TARGET = 12.2;
				MTL_ENABLE_DEBUG_INFO = NO;
				MTL_FAST_MATH = YES;
				SDKROOT = iphoneos;
				VALIDATE_PRODUCT = YES;
			};
			name = Release;
		};
		EEB0A6F6226F5B7F00066371 /* Debug */ = {
			isa = XCBuildConfiguration;
			baseConfigurationReference = 0CC27A414E397B75899BBA13 /* Pods-shopSeller.debug.xcconfig */;
			buildSettings = {
				ASSETCATALOG_COMPILER_APPICON_NAME = AppIcon;
				CODE_SIGN_STYLE = Automatic;
				DEVELOPMENT_TEAM = 6TJKYE5XV9;
				INFOPLIST_FILE = shopSeller/Info.plist;
				LD_RUNPATH_SEARCH_PATHS = (
					"$(inherited)",
					"@executable_path/Frameworks",
				);
				PRODUCT_BUNDLE_IDENTIFIER = muziruo.shopSeller;
				PRODUCT_NAME = "$(TARGET_NAME)";
				TARGETED_DEVICE_FAMILY = "1,2";
			};
			name = Debug;
		};
		EEB0A6F7226F5B7F00066371 /* Release */ = {
			isa = XCBuildConfiguration;
			baseConfigurationReference = 2D7E02B7A3A28E6F1F7AAF4F /* Pods-shopSeller.release.xcconfig */;
			buildSettings = {
				ASSETCATALOG_COMPILER_APPICON_NAME = AppIcon;
				CODE_SIGN_STYLE = Automatic;
				DEVELOPMENT_TEAM = 6TJKYE5XV9;
				INFOPLIST_FILE = shopSeller/Info.plist;
				LD_RUNPATH_SEARCH_PATHS = (
					"$(inherited)",
					"@executable_path/Frameworks",
				);
				PRODUCT_BUNDLE_IDENTIFIER = muziruo.shopSeller;
				PRODUCT_NAME = "$(TARGET_NAME)";
				TARGETED_DEVICE_FAMILY = "1,2";
			};
			name = Release;
		};
		EEB0A6F9226F5B7F00066371 /* Debug */ = {
			isa = XCBuildConfiguration;
			buildSettings = {
				BUNDLE_LOADER = "$(TEST_HOST)";
				CODE_SIGN_STYLE = Automatic;
				DEVELOPMENT_TEAM = 6TJKYE5XV9;
				INFOPLIST_FILE = shopSellerTests/Info.plist;
				LD_RUNPATH_SEARCH_PATHS = (
					"$(inherited)",
					"@executable_path/Frameworks",
					"@loader_path/Frameworks",
				);
				PRODUCT_BUNDLE_IDENTIFIER = muziruo.shopSellerTests;
				PRODUCT_NAME = "$(TARGET_NAME)";
				TARGETED_DEVICE_FAMILY = "1,2";
				TEST_HOST = "$(BUILT_PRODUCTS_DIR)/shopSeller.app/shopSeller";
			};
			name = Debug;
		};
		EEB0A6FA226F5B7F00066371 /* Release */ = {
			isa = XCBuildConfiguration;
			buildSettings = {
				BUNDLE_LOADER = "$(TEST_HOST)";
				CODE_SIGN_STYLE = Automatic;
				DEVELOPMENT_TEAM = 6TJKYE5XV9;
				INFOPLIST_FILE = shopSellerTests/Info.plist;
				LD_RUNPATH_SEARCH_PATHS = (
					"$(inherited)",
					"@executable_path/Frameworks",
					"@loader_path/Frameworks",
				);
				PRODUCT_BUNDLE_IDENTIFIER = muziruo.shopSellerTests;
				PRODUCT_NAME = "$(TARGET_NAME)";
				TARGETED_DEVICE_FAMILY = "1,2";
				TEST_HOST = "$(BUILT_PRODUCTS_DIR)/shopSeller.app/shopSeller";
			};
			name = Release;
		};
		EEB0A6FC226F5B7F00066371 /* Debug */ = {
			isa = XCBuildConfiguration;
			buildSettings = {
				CODE_SIGN_STYLE = Automatic;
				DEVELOPMENT_TEAM = 6TJKYE5XV9;
				INFOPLIST_FILE = shopSellerUITests/Info.plist;
				LD_RUNPATH_SEARCH_PATHS = (
					"$(inherited)",
					"@executable_path/Frameworks",
					"@loader_path/Frameworks",
				);
				PRODUCT_BUNDLE_IDENTIFIER = muziruo.shopSellerUITests;
				PRODUCT_NAME = "$(TARGET_NAME)";
				TARGETED_DEVICE_FAMILY = "1,2";
				TEST_TARGET_NAME = shopSeller;
			};
			name = Debug;
		};
		EEB0A6FD226F5B7F00066371 /* Release */ = {
			isa = XCBuildConfiguration;
			buildSettings = {
				CODE_SIGN_STYLE = Automatic;
				DEVELOPMENT_TEAM = 6TJKYE5XV9;
				INFOPLIST_FILE = shopSellerUITests/Info.plist;
				LD_RUNPATH_SEARCH_PATHS = (
					"$(inherited)",
					"@executable_path/Frameworks",
					"@loader_path/Frameworks",
				);
				PRODUCT_BUNDLE_IDENTIFIER = muziruo.shopSellerUITests;
				PRODUCT_NAME = "$(TARGET_NAME)";
				TARGETED_DEVICE_FAMILY = "1,2";
				TEST_TARGET_NAME = shopSeller;
			};
			name = Release;
		};
/* End XCBuildConfiguration section */

/* Begin XCConfigurationList section */
		EEB0A6C1226F5B7E00066371 /* Build configuration list for PBXProject "shopSeller" */ = {
			isa = XCConfigurationList;
			buildConfigurations = (
				EEB0A6F3226F5B7F00066371 /* Debug */,
				EEB0A6F4226F5B7F00066371 /* Release */,
			);
			defaultConfigurationIsVisible = 0;
			defaultConfigurationName = Release;
		};
		EEB0A6F5226F5B7F00066371 /* Build configuration list for PBXNativeTarget "shopSeller" */ = {
			isa = XCConfigurationList;
			buildConfigurations = (
				EEB0A6F6226F5B7F00066371 /* Debug */,
				EEB0A6F7226F5B7F00066371 /* Release */,
			);
			defaultConfigurationIsVisible = 0;
			defaultConfigurationName = Release;
		};
		EEB0A6F8226F5B7F00066371 /* Build configuration list for PBXNativeTarget "shopSellerTests" */ = {
			isa = XCConfigurationList;
			buildConfigurations = (
				EEB0A6F9226F5B7F00066371 /* Debug */,
				EEB0A6FA226F5B7F00066371 /* Release */,
			);
			defaultConfigurationIsVisible = 0;
			defaultConfigurationName = Release;
		};
		EEB0A6FB226F5B7F00066371 /* Build configuration list for PBXNativeTarget "shopSellerUITests" */ = {
			isa = XCConfigurationList;
			buildConfigurations = (
				EEB0A6FC226F5B7F00066371 /* Debug */,
				EEB0A6FD226F5B7F00066371 /* Release */,
			);
			defaultConfigurationIsVisible = 0;
			defaultConfigurationName = Release;
		};
/* End XCConfigurationList section */

/* Begin XCVersionGroup section */
		EEB0A6D2226F5B7E00066371 /* shopSeller.xcdatamodeld */ = {
			isa = XCVersionGroup;
			children = (
				EEB0A6D3226F5B7E00066371 /* shopSeller.xcdatamodel */,
			);
			currentVersion = EEB0A6D3226F5B7E00066371 /* shopSeller.xcdatamodel */;
			path = shopSeller.xcdatamodeld;
			sourceTree = "<group>";
			versionGroupType = wrapper.xcdatamodel;
		};
/* End XCVersionGroup section */
	};
	rootObject = EEB0A6BE226F5B7E00066371 /* Project object */;
}
